// !$*UTF8*$!
{
	archiveVersion = 1;
	classes = {
	};
	objectVersion = 46;
	objects = {

/* Begin PBXBuildFile section */
		B7A080EE1BFDECF000C5CC52 /* AppDelegate.swift in Sources */ = {isa = PBXBuildFile; fileRef = B7A080ED1BFDECF000C5CC52 /* AppDelegate.swift */; };
		B7A080F01BFDECF000C5CC52 /* ViewController.swift in Sources */ = {isa = PBXBuildFile; fileRef = B7A080EF1BFDECF000C5CC52 /* ViewController.swift */; };
		B7A080F31BFDECF000C5CC52 /* Main.storyboard in Resources */ = {isa = PBXBuildFile; fileRef = B7A080F11BFDECF000C5CC52 /* Main.storyboard */; };
		B7A080F51BFDECF000C5CC52 /* Assets.xcassets in Resources */ = {isa = PBXBuildFile; fileRef = B7A080F41BFDECF000C5CC52 /* Assets.xcassets */; };
		B7A080F81BFDECF000C5CC52 /* LaunchScreen.storyboard in Resources */ = {isa = PBXBuildFile; fileRef = B7A080F61BFDECF000C5CC52 /* LaunchScreen.storyboard */; };
/* End PBXBuildFile section */

/* Begin PBXFileReference section */
		B7A080EA1BFDECF000C5CC52 /* Exercise-Multiples-App.app */ = {isa = PBXFileReference; explicitFileType = wrapper.application; includeInIndex = 0; path = "Exercise-Multiples-App.app"; sourceTree = BUILT_PRODUCTS_DIR; };
		B7A080ED1BFDECF000C5CC52 /* AppDelegate.swift */ = {isa = PBXFileReference; lastKnownFileType = sourcecode.swift; path = AppDelegate.swift; sourceTree = "<group>"; };
		B7A080EF1BFDECF000C5CC52 /* ViewController.swift */ = {isa = PBXFileReference; lastKnownFileType = sourcecode.swift; path = ViewController.swift; sourceTree = "<group>"; };
		B7A080F21BFDECF000C5CC52 /* Base */ = {isa = PBXFileReference; lastKnownFileType = file.storyboard; name = Base; path = Base.lproj/Main.storyboard; sourceTree = "<group>"; };
		B7A080F41BFDECF000C5CC52 /* Assets.xcassets */ = {isa = PBXFileReference; lastKnownFileType = folder.assetcatalog; path = Assets.xcassets; sourceTree = "<group>"; };
		B7A080F71BFDECF000C5CC52 /* Base */ = {isa = PBXFileReference; lastKnownFileType = file.storyboard; name = Base; path = Base.lproj/LaunchScreen.storyboard; sourceTree = "<group>"; };
		B7A080F91BFDECF000C5CC52 /* Info.plist */ = {isa = PBXFileReference; lastKnownFileType = text.plist.xml; path = Info.plist; sourceTree = "<group>"; };
/* End PBXFileReference section */

/* Begin PBXFrameworksBuildPhase section */
		B7A080E71BFDECF000C5CC52 /* Frameworks */ = {
			isa = PBXFrameworksBuildPhase;
			buildActionMask = 2147483647;
			files = (
			);
			runOnlyForDeploymentPostprocessing = 0;
		};
/* End PBXFrameworksBuildPhase section */

/* Begin PBXGroup section */
		B7A080E11BFDECF000C5CC52 = {
			isa = PBXGroup;
			children = (
				B7A080EC1BFDECF000C5CC52 /* Exercise-Multiples-App */,
				B7A080EB1BFDECF000C5CC52 /* Products */,
			);
			sourceTree = "<group>";
		};
		B7A080EB1BFDECF000C5CC52 /* Products */ = {
			isa = PBXGroup;
			children = (
				B7A080EA1BFDECF000C5CC52 /* Exercise-Multiples-App.app */,
			);
			name = Products;
			sourceTree = "<group>";
		};
		B7A080EC1BFDECF000C5CC52 /* Exercise-Multiples-App */ = {
			isa = PBXGroup;
			children = (
				B7A080ED1BFDECF000C5CC52 /* AppDelegate.swift */,
				B7A080EF1BFDECF000C5CC52 /* ViewController.swift */,
				B7A080F11BFDECF000C5CC52 /* Main.storyboard */,
				B7A080F41BFDECF000C5CC52 /* Assets.xcassets */,
				B7A080F61BFDECF000C5CC52 /* LaunchScreen.storyboard */,
				B7A080F91BFDECF000C5CC52 /* Info.plist */,
			);
			path = "Exercise-Multiples-App";
			sourceTree = "<group>";
		};
/* End PBXGroup section */

/* Begin PBXNativeTarget section */
		B7A080E91BFDECF000C5CC52 /* Exercise-Multiples-App */ = {
			isa = PBXNativeTarget;
			buildConfigurationList = B7A080FC1BFDECF000C5CC52 /* Build configuration list for PBXNativeTarget "Exercise-Multiples-App" */;
			buildPhases = (
				B7A080E61BFDECF000C5CC52 /* Sources */,
				B7A080E71BFDECF000C5CC52 /* Frameworks */,
				B7A080E81BFDECF000C5CC52 /* Resources */,
			);
			buildRules = (
			);
			dependencies = (
			);
			name = "Exercise-Multiples-App";
			productName = "Exercise-Multiples-App";
			productReference = B7A080EA1BFDECF000C5CC52 /* Exercise-Multiples-App.app */;
			productType = "com.apple.product-type.application";
		};
/* End PBXNativeTarget section */

/* Begin PBXProject section */
		B7A080E21BFDECF000C5CC52 /* Project object */ = {
			isa = PBXProject;
			attributes = {
				LastSwiftUpdateCheck = 0710;
				LastUpgradeCheck = 0710;
				ORGANIZATIONNAME = "Rahul gupta";
				TargetAttributes = {
					B7A080E91BFDECF000C5CC52 = {
						CreatedOnToolsVersion = 7.1.1;
					};
				};
			};
			buildConfigurationList = B7A080E51BFDECF000C5CC52 /* Build configuration list for PBXProject "Exercise-Multiples-App" */;
			compatibilityVersion = "Xcode 3.2";
			developmentRegion = English;
			hasScannedForEncodings = 0;
			knownRegions = (
				en,
				Base,
			);
			mainGroup = B7A080E11BFDECF000C5CC52;
			productRefGroup = B7A080EB1BFDECF000C5CC52 /* Products */;
			projectDirPath = "";
			projectRoot = "";
			targets = (
				B7A080E91BFDECF000C5CC52 /* Exercise-Multiples-App */,
			);
		};
/* End PBXProject section */

/* Begin PBXResourcesBuildPhase section */
		B7A080E81BFDECF000C5CC52 /* Resources */ = {
			isa = PBXResourcesBuildPhase;
			buildActionMask = 2147483647;
			files = (
				B7A080F81BFDECF000C5CC52 /* LaunchScreen.storyboard in Resources */,
				B7A080F51BFDECF000C5CC52 /* Assets.xcassets in Resources */,
				B7A080F31BFDECF000C5CC52 /* Main.storyboard in Resources */,
			);
			runOnlyForDeploymentPostprocessing = 0;
		};
/* End PBXResourcesBuildPhase section */

/* Begin PBXSourcesBuildPhase section */
		B7A080E61BFDECF000C5CC52 /* Sources */ = {
			isa = PBXSourcesBuildPhase;
			buildActionMask = 2147483647;
			files = (
				B7A080F01BFDECF000C5CC52 /* ViewController.swift in Sources */,
				B7A080EE1BFDECF000C5CC52 /* AppDelegate.swift in Sources */,
			);
			runOnlyForDeploymentPostprocessing = 0;
		};
/* End PBXSourcesBuildPhase section */

/* Begin PBXVariantGroup section */
		B7A080F11BFDECF000C5CC52 /* Main.storyboard */ = {
			isa = PBXVariantGroup;
			children = (
				B7A080F21BFDECF000C5CC52 /* Base */,
			);
			name = Main.storyboard;
			sourceTree = "<group>";
		};
		B7A080F61BFDECF000C5CC52 /* LaunchScreen.storyboard */ = {
			isa = PBXVariantGroup;
			children = (
				B7A080F71BFDECF000C5CC52 /* Base */,
			);
			name = LaunchScreen.storyboard;
			sourceTree = "<group>";
		};
/* End PBXVariantGroup section */

/* Begin XCBuildConfiguration section */
		B7A080FA1BFDECF000C5CC52 /* Debug */ = {
			isa = XCBuildConfiguration;
			buildSettings = {
				ALWAYS_SEARCH_USER_PATHS = NO;
				CLANG_CXX_LANGUAGE_STANDARD = "gnu++0x";
				CLANG_CXX_LIBRARY = "libc++";
				CLANG_ENABLE_MODULES = YES;
				CLANG_ENABLE_OBJC_ARC = YES;
				CLANG_WARN_BOOL_CONVERSION = YES;
				CLANG_WARN_CONSTANT_CONVERSION = YES;
				CLANG_WARN_DIRECT_OBJC_ISA_USAGE = YES_ERROR;
				CLANG_WARN_EMPTY_BODY = YES;
				CLANG_WARN_ENUM_CONVERSION = YES;
				CLANG_WARN_INT_CONVERSION = YES;
				CLANG_WARN_OBJC_ROOT_CLASS = YES_ERROR;
				CLANG_WARN_UNREACHABLE_CODE = YES;
				CLANG_WARN__DUPLICATE_METHOD_MATCH = YES;
				"CODE_SIGN_IDENTITY[sdk=iphoneos*]" = "iPhone Developer";
				COPY_PHASE_STRIP = NO;
				DEBUG_INFORMATION_FORMAT = dwarf;
				ENABLE_STRICT_OBJC_MSGSEND = YES;
				ENABLE_TESTABILITY = YES;
				GCC_C_LANGUAGE_STANDARD = gnu99;
				GCC_DYNAMIC_NO_PIC = NO;
				GCC_NO_COMMON_BLOCKS = YES;
				GCC_OPTIMIZATION_LEVEL = 0;
				GCC_PREPROCESSOR_DEFINITIONS = (
					"DEBUG=1",
					"$(inherited)",
				);
				GCC_WARN_64_TO_32_BIT_CONVERSION = YES;
				GCC_WARN_ABOUT_RETURN_TYPE = YES_ERROR;
				GCC_WARN_UNDECLARED_SELECTOR = YES;
				GCC_WARN_UNINITIALIZED_AUTOS = YES_AGGRESSIVE;
				GCC_WARN_UNUSED_FUNCTION = YES;
				GCC_WARN_UNUSED_VARIABLE = YES;
				IPHONEOS_DEPLOYMENT_TARGET = 9.1;
				MTL_ENABLE_DEBUG_INFO = YES;
				ONLY_ACTIVE_ARCH = YES;
				SDKROOT = iphoneos;
				SWIFT_OPTIMIZATION_LEVEL = "-Onone";
			};
			name = Debug;
		};
		B7A080FB1BFDECF000C5CC52 /* Release */ = {
			isa = XCBuildConfiguration;
			buildSettings = {
				ALWAYS_SEARCH_USER_PATHS = NO;
				CLANG_CXX_LANGUAGE_STANDARD = "gnu++0x";
				CLANG_CXX_LIBRARY = "libc++";
				CLANG_ENABLE_MODULES = YES;
				CLANG_ENABLE_OBJC_ARC = YES;
				CLANG_WARN_BOOL_CONVERSION = YES;
				CLANG_WARN_CONSTANT_CONVERSION = YES;
				CLANG_WARN_DIRECT_OBJC_ISA_USAGE = YES_ERROR;
				CLANG_WARN_EMPTY_BODY = YES;
				CLANG_WARN_ENUM_CONVERSION = YES;
				CLANG_WARN_INT_CONVERSION = YES;
				CLANG_WARN_OBJC_ROOT_CLASS = YES_ERROR;
				CLANG_WARN_UNREACHABLE_CODE = YES;
				CLANG_WARN__DUPLICATE_METHOD_MATCH = YES;
				"CODE_SIGN_IDENTITY[sdk=iphoneos*]" = "iPhone Developer";
				COPY_PHASE_STRIP = NO;
				DEBUG_INFORMATION_FORMAT = "dwarf-with-dsym";
				ENABLE_NS_ASSERTIONS = NO;
				ENABLE_STRICT_OBJC_MSGSEND = YES;
				GCC_C_LANGUAGE_STANDARD = gnu99;
				GCC_NO_COMMON_BLOCKS = YES;
				GCC_WARN_64_TO_32_BIT_CONVERSION = YES;
				GCC_WARN_ABOUT_RETURN_TYPE = YES_ERROR;
				GCC_WARN_UNDECLARED_SELECTOR = YES;
				GCC_WARN_UNINITIALIZED_AUTOS = YES_AGGRESSIVE;
				GCC_WARN_UNUSED_FUNCTION = YES;
				GCC_WARN_UNUSED_VARIABLE = YES;
				IPHONEOS_DEPLOYMENT_TARGET = 9.1;
				MTL_ENABLE_DEBUG_INFO = NO;
				SDKROOT = iphoneos;
				VALIDATE_PRODUCT = YES;
			};
			name = Release;
		};
		B7A080FD1BFDECF000C5CC52 /* Debug */ = {
			isa = XCBuildConfiguration;
			buildSettings = {
				ASSETCATALOG_COMPILER_APPICON_NAME = AppIcon;
				INFOPLIST_FILE = "Exercise-Multiples-App/Info.plist";
				LD_RUNPATH_SEARCH_PATHS = "$(inherited) @executable_path/Frameworks";
				PRODUCT_BUNDLE_IDENTIFIER = "com.designmate.Exercise-Multiples-App";
				PRODUCT_NAME = "$(TARGET_NAME)";
			};
			name = Debug;
		};
		B7A080FE1BFDECF000C5CC52 /* Release */ = {
			isa = XCBuildConfiguration;
			buildSettings = {
				ASSETCATALOG_COMPILER_APPICON_NAME = AppIcon;
				INFOPLIST_FILE = "Exercise-Multiples-App/Info.plist";
				LD_RUNPATH_SEARCH_PATHS = "$(inherited) @executable_path/Frameworks";
				PRODUCT_BUNDLE_IDENTIFIER = "com.designmate.Exercise-Multiples-App";
				PRODUCT_NAME = "$(TARGET_NAME)";
			};
			name = Release;
		};
/* End XCBuildConfiguration section */

/* Begin XCConfigurationList section */
		B7A080E51BFDECF000C5CC52 /* Build configuration list for PBXProject "Exercise-Multiples-App" */ = {
			isa = XCConfigurationList;
			buildConfigurations = (
				B7A080FA1BFDECF000C5CC52 /* Debug */,
				B7A080FB1BFDECF000C5CC52 /* Release */,
			);
			defaultConfigurationIsVisible = 0;
			defaultConfigurationName = Release;
		};
		B7A080FC1BFDECF000C5CC52 /* Build configuration list for PBXNativeTarget "Exercise-Multiples-App" */ = {
			isa = XCConfigurationList;
			buildConfigurations = (
				B7A080FD1BFDECF000C5CC52 /* Debug */,
				B7A080FE1BFDECF000C5CC52 /* Release */,
			);
			defaultConfigurationIsVisible = 0;
		};
/* End XCConfigurationList section */
	};
	rootObject = B7A080E21BFDECF000C5CC52 /* Project object */;
}
